
Microsoft Visual Studio Solution File, Format Version 12.00
# Visual Studio 14
VisualStudioVersion = 14.0.23107.0
MinimumVisualStudioVersion = 10.0.40219.1
Project("{FAE04EC0-301F-11D3-BF4B-00C04F79EFBC}") = "Google.reCaptcha.WEB", "Google.reCaptcha.WEB\Google.reCaptcha.WEB.csproj", "{7D51F2C2-46B7-4CA3-AD45-FE5E3D1626A6}"
EndProject
Global
	GlobalSection(SolutionConfigurationPlatforms) = preSolution
		Debug|Any CPU = Debug|Any CPU
		Release|Any CPU = Release|Any CPU
	EndGlobalSection
	GlobalSection(ProjectConfigurationPlatforms) = postSolution
		{7D51F2C2-46B7-4CA3-AD45-FE5E3D1626A6}.Debug|Any CPU.ActiveCfg = Debug|Any CPU
		{7D51F2C2-46B7-4CA3-AD45-FE5E3D1626A6}.Debug|Any CPU.Build.0 = Debug|Any CPU
		{7D51F2C2-46B7-4CA3-AD45-FE5E3D1626A6}.Release|Any CPU.ActiveCfg = Release|Any CPU
		{7D51F2C2-46B7-4CA3-AD45-FE5E3D1626A6}.Release|Any CPU.Build.0 = Release|Any CPU
	EndGlobalSection
	GlobalSection(SolutionProperties) = preSolution
		HideSolutionNode = FALSE
	EndGlobalSection
	GlobalSection(CodealikeProperties) = postSolution
		SolutionGuid = 329b448d-b82b-4d41-84f8-c7792ea7b7b9
	EndGlobalSection
EndGlobal
